hash: dde752da7590abbe033ccc2c44e92a8cf584988063f55f7e6438be97cb04315e
updated: 2017-01-17T21:02:12.680772839-05:00
imports:
- name: github.com/denisenkom/go-mssqldb
  version: 9e40d9d5d325edfaa84d3374bfde6e1adce02d58
- name: github.com/fatih/structs
  version: 1de5ce037865f641d8eb22007e31cc5292a54e12
- name: github.com/go-sql-driver/mysql
  version: a0583e0143b1624142adab07e0e97fe106d99561
- name: github.com/jinzhu/gorm
  version: 5174cc5c242a728b435ea2be8a2f7f998e15429b
  subpackages:
  - dialects/postgres
- name: github.com/jinzhu/inflection
  version: 74387dc39a75e970e7a3ae6a3386b5bd2e5c5cff
- name: github.com/lib/pq
  version: 22cb3e4c487ce6242e2b03369219e5631eed1221
  subpackages:
  - hstore
  - oid
- name: github.com/mattn/go-sqlite3
  version: ca5e3819723d8eeaf170ad510e7da1d6d2e94a08
- name: github.com/satori/go.uuid
  version: 879c5887cd475cd7864858769793b2ceb0d44feb
- name: github.com/SermoDigital/jose
  version: f6df55f235c24f236d11dbcf665249a59ac2021f
  subpackages:
  - crypto
  - jws
  - jwt
testImports:
- name: github.com/davecgh/go-spew
  version: 04cdfd42973bb9c8589fd6a731800cf222fde1a9
  subpackages:
  - spew
- name: github.com/pmezard/go-difflib
  version: d8ed2627bdf02c080bf22230dbb337003b7aba2d
  subpackages:
  - difflib
- name: github.com/stretchr/objx
  version: cbeaeb16a013161a98496fad62933b1d21786672
- name: github.com/stretchr/testify
  version: 18a02ba4a312f95da08ff4cfc0055750ce50ae9e
  subpackages:
  - assert
  - mock
